// !$*UTF8*$!
{
	archiveVersion = 1;
	classes = {
	};
	objectVersion = 50;
	objects = {

/* Begin PBXBuildFile section */
		CE02955E211B0FDA00ACC9A2 /* Coordinator.swift in Sources */ = {isa = PBXBuildFile; fileRef = CE02955D211B0FDA00ACC9A2 /* Coordinator.swift */; };
		CE029560211B117B00ACC9A2 /* InteractorDelegate.swift in Sources */ = {isa = PBXBuildFile; fileRef = CE02955F211B117B00ACC9A2 /* InteractorDelegate.swift */; };
		CE39779F21189A9500CCD0C9 /* AppDelegate.swift in Sources */ = {isa = PBXBuildFile; fileRef = CE39779E21189A9500CCD0C9 /* AppDelegate.swift */; };
		CE3977A121189A9500CCD0C9 /* ViewController.swift in Sources */ = {isa = PBXBuildFile; fileRef = CE3977A021189A9500CCD0C9 /* ViewController.swift */; };
		CE3977A421189A9500CCD0C9 /* Main.storyboard in Resources */ = {isa = PBXBuildFile; fileRef = CE3977A221189A9500CCD0C9 /* Main.storyboard */; };
		CE3977A621189A9700CCD0C9 /* Assets.xcassets in Resources */ = {isa = PBXBuildFile; fileRef = CE3977A521189A9700CCD0C9 /* Assets.xcassets */; };
		CE3977A921189A9700CCD0C9 /* LaunchScreen.storyboard in Resources */ = {isa = PBXBuildFile; fileRef = CE3977A721189A9700CCD0C9 /* LaunchScreen.storyboard */; };
		CE3977B421189A9800CCD0C9 /* UsersPostsTests.swift in Sources */ = {isa = PBXBuildFile; fileRef = CE3977B321189A9800CCD0C9 /* UsersPostsTests.swift */; };
		CE3977C221189AD900CCD0C9 /* NetworkService.swift in Sources */ = {isa = PBXBuildFile; fileRef = CE3977C121189AD900CCD0C9 /* NetworkService.swift */; };
		CE3977C521189E2300CCD0C9 /* NetworkingTests.swift in Sources */ = {isa = PBXBuildFile; fileRef = CE3977C421189E2300CCD0C9 /* NetworkingTests.swift */; };
		CE3977C72118A58B00CCD0C9 /* Mocks.swift in Sources */ = {isa = PBXBuildFile; fileRef = CE3977C62118A58B00CCD0C9 /* Mocks.swift */; };
		CE3977CA2119F2DC00CCD0C9 /* User.swift in Sources */ = {isa = PBXBuildFile; fileRef = CE3977C92119F2DC00CCD0C9 /* User.swift */; };
		CE3977CD2119F4FA00CCD0C9 /* Convertible.swift in Sources */ = {isa = PBXBuildFile; fileRef = CE3977CC2119F4FA00CCD0C9 /* Convertible.swift */; };
		CE3977D02119F57600CCD0C9 /* Interactor.swift in Sources */ = {isa = PBXBuildFile; fileRef = CE3977CF2119F57600CCD0C9 /* Interactor.swift */; };
		CE3977D62119F8F800CCD0C9 /* UsersBuilder.swift in Sources */ = {isa = PBXBuildFile; fileRef = CE3977D52119F8F800CCD0C9 /* UsersBuilder.swift */; };
		CE3977DB211A0E6200CCD0C9 /* UserTVCell.swift in Sources */ = {isa = PBXBuildFile; fileRef = CE3977DA211A0E6200CCD0C9 /* UserTVCell.swift */; };
		CE3977DD211B007700CCD0C9 /* ViewModelConfigurable.swift in Sources */ = {isa = PBXBuildFile; fileRef = CE3977DC211B007700CCD0C9 /* ViewModelConfigurable.swift */; };
		CE3977DF211B014600CCD0C9 /* ViewVC.swift in Sources */ = {isa = PBXBuildFile; fileRef = CE3977DE211B014600CCD0C9 /* ViewVC.swift */; };
		CE3977E2211B01F200CCD0C9 /* InteractorInput.swift in Sources */ = {isa = PBXBuildFile; fileRef = CE3977E1211B01F200CCD0C9 /* InteractorInput.swift */; };
		CE3977E4211B022200CCD0C9 /* InteractorOutput.swift in Sources */ = {isa = PBXBuildFile; fileRef = CE3977E3211B022200CCD0C9 /* InteractorOutput.swift */; };
/* End PBXBuildFile section */

/* Begin PBXContainerItemProxy section */
		CE3977B021189A9800CCD0C9 /* PBXContainerItemProxy */ = {
			isa = PBXContainerItemProxy;
			containerPortal = CE39779321189A9500CCD0C9 /* Project object */;
			proxyType = 1;
			remoteGlobalIDString = CE39779A21189A9500CCD0C9;
			remoteInfo = UsersPosts;
		};
/* End PBXContainerItemProxy section */

/* Begin PBXFileReference section */
		CE02955D211B0FDA00ACC9A2 /* Coordinator.swift */ = {isa = PBXFileReference; lastKnownFileType = sourcecode.swift; path = Coordinator.swift; sourceTree = "<group>"; };
		CE02955F211B117B00ACC9A2 /* InteractorDelegate.swift */ = {isa = PBXFileReference; lastKnownFileType = sourcecode.swift; path = InteractorDelegate.swift; sourceTree = "<group>"; };
		CE39779B21189A9500CCD0C9 /* UsersPosts.app */ = {isa = PBXFileReference; explicitFileType = wrapper.application; includeInIndex = 0; path = UsersPosts.app; sourceTree = BUILT_PRODUCTS_DIR; };
		CE39779E21189A9500CCD0C9 /* AppDelegate.swift */ = {isa = PBXFileReference; lastKnownFileType = sourcecode.swift; path = AppDelegate.swift; sourceTree = "<group>"; };
		CE3977A021189A9500CCD0C9 /* ViewController.swift */ = {isa = PBXFileReference; lastKnownFileType = sourcecode.swift; path = ViewController.swift; sourceTree = "<group>"; };
		CE3977A321189A9500CCD0C9 /* Base */ = {isa = PBXFileReference; lastKnownFileType = file.storyboard; name = Base; path = Base.lproj/Main.storyboard; sourceTree = "<group>"; };
		CE3977A521189A9700CCD0C9 /* Assets.xcassets */ = {isa = PBXFileReference; lastKnownFileType = folder.assetcatalog; path = Assets.xcassets; sourceTree = "<group>"; };
		CE3977A821189A9700CCD0C9 /* Base */ = {isa = PBXFileReference; lastKnownFileType = file.storyboard; name = Base; path = Base.lproj/LaunchScreen.storyboard; sourceTree = "<group>"; };
		CE3977AA21189A9700CCD0C9 /* Info.plist */ = {isa = PBXFileReference; lastKnownFileType = text.plist.xml; path = Info.plist; sourceTree = "<group>"; };
		CE3977AF21189A9800CCD0C9 /* UsersPostsTests.xctest */ = {isa = PBXFileReference; explicitFileType = wrapper.cfbundle; includeInIndex = 0; path = UsersPostsTests.xctest; sourceTree = BUILT_PRODUCTS_DIR; };
		CE3977B321189A9800CCD0C9 /* UsersPostsTests.swift */ = {isa = PBXFileReference; lastKnownFileType = sourcecode.swift; path = UsersPostsTests.swift; sourceTree = "<group>"; };
		CE3977B521189A9800CCD0C9 /* Info.plist */ = {isa = PBXFileReference; lastKnownFileType = text.plist.xml; path = Info.plist; sourceTree = "<group>"; };
		CE3977C121189AD900CCD0C9 /* NetworkService.swift */ = {isa = PBXFileReference; lastKnownFileType = sourcecode.swift; path = NetworkService.swift; sourceTree = "<group>"; };
		CE3977C421189E2300CCD0C9 /* NetworkingTests.swift */ = {isa = PBXFileReference; lastKnownFileType = sourcecode.swift; path = NetworkingTests.swift; sourceTree = "<group>"; };
		CE3977C62118A58B00CCD0C9 /* Mocks.swift */ = {isa = PBXFileReference; lastKnownFileType = sourcecode.swift; path = Mocks.swift; sourceTree = "<group>"; };
		CE3977C92119F2DC00CCD0C9 /* User.swift */ = {isa = PBXFileReference; lastKnownFileType = sourcecode.swift; path = User.swift; sourceTree = "<group>"; };
		CE3977CC2119F4FA00CCD0C9 /* Convertible.swift */ = {isa = PBXFileReference; lastKnownFileType = sourcecode.swift; path = Convertible.swift; sourceTree = "<group>"; };
		CE3977CF2119F57600CCD0C9 /* Interactor.swift */ = {isa = PBXFileReference; lastKnownFileType = sourcecode.swift; path = Interactor.swift; sourceTree = "<group>"; };
		CE3977D52119F8F800CCD0C9 /* UsersBuilder.swift */ = {isa = PBXFileReference; lastKnownFileType = sourcecode.swift; path = UsersBuilder.swift; sourceTree = "<group>"; };
		CE3977DA211A0E6200CCD0C9 /* UserTVCell.swift */ = {isa = PBXFileReference; lastKnownFileType = sourcecode.swift; path = UserTVCell.swift; sourceTree = "<group>"; };
		CE3977DC211B007700CCD0C9 /* ViewModelConfigurable.swift */ = {isa = PBXFileReference; lastKnownFileType = sourcecode.swift; path = ViewModelConfigurable.swift; sourceTree = "<group>"; };
		CE3977DE211B014600CCD0C9 /* ViewVC.swift */ = {isa = PBXFileReference; fileEncoding = 4; lastKnownFileType = sourcecode.swift; path = ViewVC.swift; sourceTree = "<group>"; };
		CE3977E1211B01F200CCD0C9 /* InteractorInput.swift */ = {isa = PBXFileReference; lastKnownFileType = sourcecode.swift; path = InteractorInput.swift; sourceTree = "<group>"; };
		CE3977E3211B022200CCD0C9 /* InteractorOutput.swift */ = {isa = PBXFileReference; lastKnownFileType = sourcecode.swift; path = InteractorOutput.swift; sourceTree = "<group>"; };
/* End PBXFileReference section */

/* Begin PBXFrameworksBuildPhase section */
		CE39779821189A9500CCD0C9 /* Frameworks */ = {
			isa = PBXFrameworksBuildPhase;
			buildActionMask = 2147483647;
			files = (
			);
			runOnlyForDeploymentPostprocessing = 0;
		};
		CE3977AC21189A9800CCD0C9 /* Frameworks */ = {
			isa = PBXFrameworksBuildPhase;
			buildActionMask = 2147483647;
			files = (
			);
			runOnlyForDeploymentPostprocessing = 0;
		};
/* End PBXFrameworksBuildPhase section */

/* Begin PBXGroup section */
		CE39779221189A9500CCD0C9 = {
			isa = PBXGroup;
			children = (
				CE39779D21189A9500CCD0C9 /* UsersPosts */,
				CE3977B221189A9800CCD0C9 /* UsersPostsTests */,
				CE39779C21189A9500CCD0C9 /* Products */,
			);
			sourceTree = "<group>";
		};
		CE39779C21189A9500CCD0C9 /* Products */ = {
			isa = PBXGroup;
			children = (
				CE39779B21189A9500CCD0C9 /* UsersPosts.app */,
				CE3977AF21189A9800CCD0C9 /* UsersPostsTests.xctest */,
			);
			name = Products;
			sourceTree = "<group>";
		};
		CE39779D21189A9500CCD0C9 /* UsersPosts */ = {
			isa = PBXGroup;
			children = (
				CE3977E0211B018500CCD0C9 /* Common */,
				CE3977C021189ABF00CCD0C9 /* Services */,
				CE3977BE21189AA900CCD0C9 /* Users */,
				CE3977BF21189AAF00CCD0C9 /* Posts */,
				CE39779E21189A9500CCD0C9 /* AppDelegate.swift */,
				CE3977A021189A9500CCD0C9 /* ViewController.swift */,
				CE3977A221189A9500CCD0C9 /* Main.storyboard */,
				CE3977A521189A9700CCD0C9 /* Assets.xcassets */,
				CE3977A721189A9700CCD0C9 /* LaunchScreen.storyboard */,
				CE3977AA21189A9700CCD0C9 /* Info.plist */,
			);
			path = UsersPosts;
			sourceTree = "<group>";
		};
		CE3977B221189A9800CCD0C9 /* UsersPostsTests */ = {
			isa = PBXGroup;
			children = (
				CE3977B321189A9800CCD0C9 /* UsersPostsTests.swift */,
				CE3977B521189A9800CCD0C9 /* Info.plist */,
				CE3977C421189E2300CCD0C9 /* NetworkingTests.swift */,
				CE3977C62118A58B00CCD0C9 /* Mocks.swift */,
			);
			path = UsersPostsTests;
			sourceTree = "<group>";
		};
		CE3977BE21189AA900CCD0C9 /* Users */ = {
			isa = PBXGroup;
			children = (
				CE3977D32119F8DA00CCD0C9 /* Builder */,
				CE3977C82119F2CF00CCD0C9 /* Entity */,
				CE3977D72119FA5900CCD0C9 /* View */,
			);
			path = Users;
			sourceTree = "<group>";
		};
		CE3977BF21189AAF00CCD0C9 /* Posts */ = {
			isa = PBXGroup;
			children = (
			);
			path = Posts;
			sourceTree = "<group>";
		};
		CE3977C021189ABF00CCD0C9 /* Services */ = {
			isa = PBXGroup;
			children = (
				CE3977C121189AD900CCD0C9 /* NetworkService.swift */,
			);
			path = Services;
			sourceTree = "<group>";
		};
		CE3977C82119F2CF00CCD0C9 /* Entity */ = {
			isa = PBXGroup;
			children = (
				CE3977C92119F2DC00CCD0C9 /* User.swift */,
			);
			path = Entity;
			sourceTree = "<group>";
		};
		CE3977CB2119F4E800CCD0C9 /* Protocols */ = {
			isa = PBXGroup;
			children = (
				CE3977CC2119F4FA00CCD0C9 /* Convertible.swift */,
				CE3977DC211B007700CCD0C9 /* ViewModelConfigurable.swift */,
				CE3977E1211B01F200CCD0C9 /* InteractorInput.swift */,
				CE3977E3211B022200CCD0C9 /* InteractorOutput.swift */,
				CE02955F211B117B00ACC9A2 /* InteractorDelegate.swift */,
			);
			path = Protocols;
			sourceTree = "<group>";
		};
		CE3977D32119F8DA00CCD0C9 /* Builder */ = {
			isa = PBXGroup;
			children = (
				CE3977D52119F8F800CCD0C9 /* UsersBuilder.swift */,
			);
			path = Builder;
			sourceTree = "<group>";
		};
		CE3977D72119FA5900CCD0C9 /* View */ = {
			isa = PBXGroup;
			children = (
				CE3977DA211A0E6200CCD0C9 /* UserTVCell.swift */,
			);
			path = View;
			sourceTree = "<group>";
		};
		CE3977E0211B018500CCD0C9 /* Common */ = {
			isa = PBXGroup;
			children = (
				CE3977CB2119F4E800CCD0C9 /* Protocols */,
				CE3977CF2119F57600CCD0C9 /* Interactor.swift */,
				CE3977DE211B014600CCD0C9 /* ViewVC.swift */,
				CE02955D211B0FDA00ACC9A2 /* Coordinator.swift */,
			);
			path = Common;
			sourceTree = "<group>";
		};
/* End PBXGroup section */

/* Begin PBXNativeTarget section */
		CE39779A21189A9500CCD0C9 /* UsersPosts */ = {
			isa = PBXNativeTarget;
			buildConfigurationList = CE3977B821189A9800CCD0C9 /* Build configuration list for PBXNativeTarget "UsersPosts" */;
			buildPhases = (
				CE39779721189A9500CCD0C9 /* Sources */,
				CE39779821189A9500CCD0C9 /* Frameworks */,
				CE39779921189A9500CCD0C9 /* Resources */,
			);
			buildRules = (
			);
			dependencies = (
			);
			name = UsersPosts;
			productName = UsersPosts;
			productReference = CE39779B21189A9500CCD0C9 /* UsersPosts.app */;
			productType = "com.apple.product-type.application";
		};
		CE3977AE21189A9800CCD0C9 /* UsersPostsTests */ = {
			isa = PBXNativeTarget;
			buildConfigurationList = CE3977BB21189A9800CCD0C9 /* Build configuration list for PBXNativeTarget "UsersPostsTests" */;
			buildPhases = (
				CE3977AB21189A9800CCD0C9 /* Sources */,
				CE3977AC21189A9800CCD0C9 /* Frameworks */,
				CE3977AD21189A9800CCD0C9 /* Resources */,
			);
			buildRules = (
			);
			dependencies = (
				CE3977B121189A9800CCD0C9 /* PBXTargetDependency */,
			);
			name = UsersPostsTests;
			productName = UsersPostsTests;
			productReference = CE3977AF21189A9800CCD0C9 /* UsersPostsTests.xctest */;
			productType = "com.apple.product-type.bundle.unit-test";
		};
/* End PBXNativeTarget section */

/* Begin PBXProject section */
		CE39779321189A9500CCD0C9 /* Project object */ = {
			isa = PBXProject;
			attributes = {
				LastSwiftUpdateCheck = 0940;
				LastUpgradeCheck = 0940;
				ORGANIZATIONNAME = blob8129;
				TargetAttributes = {
					CE39779A21189A9500CCD0C9 = {
						CreatedOnToolsVersion = 9.4.1;
					};
					CE3977AE21189A9800CCD0C9 = {
						CreatedOnToolsVersion = 9.4.1;
						TestTargetID = CE39779A21189A9500CCD0C9;
					};
				};
			};
			buildConfigurationList = CE39779621189A9500CCD0C9 /* Build configuration list for PBXProject "UsersPosts" */;
			compatibilityVersion = "Xcode 9.3";
			developmentRegion = en;
			hasScannedForEncodings = 0;
			knownRegions = (
				en,
				Base,
			);
			mainGroup = CE39779221189A9500CCD0C9;
			productRefGroup = CE39779C21189A9500CCD0C9 /* Products */;
			projectDirPath = "";
			projectRoot = "";
			targets = (
				CE39779A21189A9500CCD0C9 /* UsersPosts */,
				CE3977AE21189A9800CCD0C9 /* UsersPostsTests */,
			);
		};
/* End PBXProject section */

/* Begin PBXResourcesBuildPhase section */
		CE39779921189A9500CCD0C9 /* Resources */ = {
			isa = PBXResourcesBuildPhase;
			buildActionMask = 2147483647;
			files = (
				CE3977A921189A9700CCD0C9 /* LaunchScreen.storyboard in Resources */,
				CE3977A621189A9700CCD0C9 /* Assets.xcassets in Resources */,
				CE3977A421189A9500CCD0C9 /* Main.storyboard in Resources */,
			);
			runOnlyForDeploymentPostprocessing = 0;
		};
		CE3977AD21189A9800CCD0C9 /* Resources */ = {
			isa = PBXResourcesBuildPhase;
			buildActionMask = 2147483647;
			files = (
			);
			runOnlyForDeploymentPostprocessing = 0;
		};
/* End PBXResourcesBuildPhase section */

/* Begin PBXSourcesBuildPhase section */
		CE39779721189A9500CCD0C9 /* Sources */ = {
			isa = PBXSourcesBuildPhase;
			buildActionMask = 2147483647;
			files = (
				CE3977CA2119F2DC00CCD0C9 /* User.swift in Sources */,
				CE3977D02119F57600CCD0C9 /* Interactor.swift in Sources */,
				CE02955E211B0FDA00ACC9A2 /* Coordinator.swift in Sources */,
				CE3977DB211A0E6200CCD0C9 /* UserTVCell.swift in Sources */,
				CE3977E2211B01F200CCD0C9 /* InteractorInput.swift in Sources */,
				CE3977A121189A9500CCD0C9 /* ViewController.swift in Sources */,
				CE3977C221189AD900CCD0C9 /* NetworkService.swift in Sources */,
				CE3977E4211B022200CCD0C9 /* InteractorOutput.swift in Sources */,
				CE3977CD2119F4FA00CCD0C9 /* Convertible.swift in Sources */,
				CE3977D62119F8F800CCD0C9 /* UsersBuilder.swift in Sources */,
				CE39779F21189A9500CCD0C9 /* AppDelegate.swift in Sources */,
				CE3977DD211B007700CCD0C9 /* ViewModelConfigurable.swift in Sources */,
				CE3977DF211B014600CCD0C9 /* ViewVC.swift in Sources */,
				CE029560211B117B00ACC9A2 /* InteractorDelegate.swift in Sources */,
			);
			runOnlyForDeploymentPostprocessing = 0;
		};
		CE3977AB21189A9800CCD0C9 /* Sources */ = {
			isa = PBXSourcesBuildPhase;
			buildActionMask = 2147483647;
			files = (
				CE3977B421189A9800CCD0C9 /* UsersPostsTests.swift in Sources */,
				CE3977C521189E2300CCD0C9 /* NetworkingTests.swift in Sources */,
				CE3977C72118A58B00CCD0C9 /* Mocks.swift in Sources */,
			);
			runOnlyForDeploymentPostprocessing = 0;
		};
/* End PBXSourcesBuildPhase section */

/* Begin PBXTargetDependency section */
		CE3977B121189A9800CCD0C9 /* PBXTargetDependency */ = {
			isa = PBXTargetDependency;
			target = CE39779A21189A9500CCD0C9 /* UsersPosts */;
			targetProxy = CE3977B021189A9800CCD0C9 /* PBXContainerItemProxy */;
		};
/* End PBXTargetDependency section */

/* Begin PBXVariantGroup section */
		CE3977A221189A9500CCD0C9 /* Main.storyboard */ = {
			isa = PBXVariantGroup;
			children = (
				CE3977A321189A9500CCD0C9 /* Base */,
			);
			name = Main.storyboard;
			sourceTree = "<group>";
		};
		CE3977A721189A9700CCD0C9 /* LaunchScreen.storyboard */ = {
			isa = PBXVariantGroup;
			children = (
				CE3977A821189A9700CCD0C9 /* Base */,
			);
			name = LaunchScreen.storyboard;
			sourceTree = "<group>";
		};
/* End PBXVariantGroup section */

/* Begin XCBuildConfiguration section */
		CE3977B621189A9800CCD0C9 /* Debug */ = {
			isa = XCBuildConfiguration;
			buildSettings = {
				ALWAYS_SEARCH_USER_PATHS = NO;
				CLANG_ANALYZER_NONNULL = YES;
				CLANG_ANALYZER_NUMBER_OBJECT_CONVERSION = YES_AGGRESSIVE;
				CLANG_CXX_LANGUAGE_STANDARD = "gnu++14";
				CLANG_CXX_LIBRARY = "libc++";
				CLANG_ENABLE_MODULES = YES;
				CLANG_ENABLE_OBJC_ARC = YES;
				CLANG_ENABLE_OBJC_WEAK = YES;
				CLANG_WARN_BLOCK_CAPTURE_AUTORELEASING = YES;
				CLANG_WARN_BOOL_CONVERSION = YES;
				CLANG_WARN_COMMA = YES;
				CLANG_WARN_CONSTANT_CONVERSION = YES;
				CLANG_WARN_DEPRECATED_OBJC_IMPLEMENTATIONS = YES;
				CLANG_WARN_DIRECT_OBJC_ISA_USAGE = YES_ERROR;
				CLANG_WARN_DOCUMENTATION_COMMENTS = YES;
				CLANG_WARN_EMPTY_BODY = YES;
				CLANG_WARN_ENUM_CONVERSION = YES;
				CLANG_WARN_INFINITE_RECURSION = YES;
				CLANG_WARN_INT_CONVERSION = YES;
				CLANG_WARN_NON_LITERAL_NULL_CONVERSION = YES;
				CLANG_WARN_OBJC_IMPLICIT_RETAIN_SELF = YES;
				CLANG_WARN_OBJC_LITERAL_CONVERSION = YES;
				CLANG_WARN_OBJC_ROOT_CLASS = YES_ERROR;
				CLANG_WARN_RANGE_LOOP_ANALYSIS = YES;
				CLANG_WARN_STRICT_PROTOTYPES = YES;
				CLANG_WARN_SUSPICIOUS_MOVE = YES;
				CLANG_WARN_UNGUARDED_AVAILABILITY = YES_AGGRESSIVE;
				CLANG_WARN_UNREACHABLE_CODE = YES;
				CLANG_WARN__DUPLICATE_METHOD_MATCH = YES;
				CODE_SIGN_IDENTITY = "iPhone Developer";
				COPY_PHASE_STRIP = NO;
				DEBUG_INFORMATION_FORMAT = dwarf;
				ENABLE_STRICT_OBJC_MSGSEND = YES;
				ENABLE_TESTABILITY = YES;
				GCC_C_LANGUAGE_STANDARD = gnu11;
				GCC_DYNAMIC_NO_PIC = NO;
				GCC_NO_COMMON_BLOCKS = YES;
				GCC_OPTIMIZATION_LEVEL = 0;
				GCC_PREPROCESSOR_DEFINITIONS = (
					"DEBUG=1",
					"$(inherited)",
				);
				GCC_WARN_64_TO_32_BIT_CONVERSION = YES;
				GCC_WARN_ABOUT_RETURN_TYPE = YES_ERROR;
				GCC_WARN_UNDECLARED_SELECTOR = YES;
				GCC_WARN_UNINITIALIZED_AUTOS = YES_AGGRESSIVE;
				GCC_WARN_UNUSED_FUNCTION = YES;
				GCC_WARN_UNUSED_VARIABLE = YES;
				IPHONEOS_DEPLOYMENT_TARGET = 11.4;
				MTL_ENABLE_DEBUG_INFO = YES;
				ONLY_ACTIVE_ARCH = YES;
				SDKROOT = iphoneos;
				SWIFT_ACTIVE_COMPILATION_CONDITIONS = DEBUG;
				SWIFT_OPTIMIZATION_LEVEL = "-Onone";
			};
			name = Debug;
		};
		CE3977B721189A9800CCD0C9 /* Release */ = {
			isa = XCBuildConfiguration;
			buildSettings = {
				ALWAYS_SEARCH_USER_PATHS = NO;
				CLANG_ANALYZER_NONNULL = YES;
				CLANG_ANALYZER_NUMBER_OBJECT_CONVERSION = YES_AGGRESSIVE;
				CLANG_CXX_LANGUAGE_STANDARD = "gnu++14";
				CLANG_CXX_LIBRARY = "libc++";
				CLANG_ENABLE_MODULES = YES;
				CLANG_ENABLE_OBJC_ARC = YES;
				CLANG_ENABLE_OBJC_WEAK = YES;
				CLANG_WARN_BLOCK_CAPTURE_AUTORELEASING = YES;
				CLANG_WARN_BOOL_CONVERSION = YES;
				CLANG_WARN_COMMA = YES;
				CLANG_WARN_CONSTANT_CONVERSION = YES;
				CLANG_WARN_DEPRECATED_OBJC_IMPLEMENTATIONS = YES;
				CLANG_WARN_DIRECT_OBJC_ISA_USAGE = YES_ERROR;
				CLANG_WARN_DOCUMENTATION_COMMENTS = YES;
				CLANG_WARN_EMPTY_BODY = YES;
				CLANG_WARN_ENUM_CONVERSION = YES;
				CLANG_WARN_INFINITE_RECURSION = YES;
				CLANG_WARN_INT_CONVERSION = YES;
				CLANG_WARN_NON_LITERAL_NULL_CONVERSION = YES;
				CLANG_WARN_OBJC_IMPLICIT_RETAIN_SELF = YES;
				CLANG_WARN_OBJC_LITERAL_CONVERSION = YES;
				CLANG_WARN_OBJC_ROOT_CLASS = YES_ERROR;
				CLANG_WARN_RANGE_LOOP_ANALYSIS = YES;
				CLANG_WARN_STRICT_PROTOTYPES = YES;
				CLANG_WARN_SUSPICIOUS_MOVE = YES;
				CLANG_WARN_UNGUARDED_AVAILABILITY = YES_AGGRESSIVE;
				CLANG_WARN_UNREACHABLE_CODE = YES;
				CLANG_WARN__DUPLICATE_METHOD_MATCH = YES;
				CODE_SIGN_IDENTITY = "iPhone Developer";
				COPY_PHASE_STRIP = NO;
				DEBUG_INFORMATION_FORMAT = "dwarf-with-dsym";
				ENABLE_NS_ASSERTIONS = NO;
				ENABLE_STRICT_OBJC_MSGSEND = YES;
				GCC_C_LANGUAGE_STANDARD = gnu11;
				GCC_NO_COMMON_BLOCKS = YES;
				GCC_WARN_64_TO_32_BIT_CONVERSION = YES;
				GCC_WARN_ABOUT_RETURN_TYPE = YES_ERROR;
				GCC_WARN_UNDECLARED_SELECTOR = YES;
				GCC_WARN_UNINITIALIZED_AUTOS = YES_AGGRESSIVE;
				GCC_WARN_UNUSED_FUNCTION = YES;
				GCC_WARN_UNUSED_VARIABLE = YES;
				IPHONEOS_DEPLOYMENT_TARGET = 11.4;
				MTL_ENABLE_DEBUG_INFO = NO;
				SDKROOT = iphoneos;
				SWIFT_COMPILATION_MODE = wholemodule;
				SWIFT_OPTIMIZATION_LEVEL = "-O";
				VALIDATE_PRODUCT = YES;
			};
			name = Release;
		};
		CE3977B921189A9800CCD0C9 /* Debug */ = {
			isa = XCBuildConfiguration;
			buildSettings = {
				ASSETCATALOG_COMPILER_APPICON_NAME = AppIcon;
				CODE_SIGN_STYLE = Automatic;
				DEVELOPMENT_TEAM = M5YJ2XAG2D;
				INFOPLIST_FILE = UsersPosts/Info.plist;
				LD_RUNPATH_SEARCH_PATHS = (
					"$(inherited)",
					"@executable_path/Frameworks",
				);
				PRODUCT_BUNDLE_IDENTIFIER = com.blob8129.UsersPosts;
				PRODUCT_NAME = "$(TARGET_NAME)";
				SWIFT_VERSION = 4.0;
				TARGETED_DEVICE_FAMILY = "1,2";
			};
			name = Debug;
		};
		CE3977BA21189A9800CCD0C9 /* Release */ = {
			isa = XCBuildConfiguration;
			buildSettings = {
				ASSETCATALOG_COMPILER_APPICON_NAME = AppIcon;
				CODE_SIGN_STYLE = Automatic;
				DEVELOPMENT_TEAM = M5YJ2XAG2D;
				INFOPLIST_FILE = UsersPosts/Info.plist;
				LD_RUNPATH_SEARCH_PATHS = (
					"$(inherited)",
					"@executable_path/Frameworks",
				);
				PRODUCT_BUNDLE_IDENTIFIER = com.blob8129.UsersPosts;
				PRODUCT_NAME = "$(TARGET_NAME)";
				SWIFT_VERSION = 4.0;
				TARGETED_DEVICE_FAMILY = "1,2";
			};
			name = Release;
		};
		CE3977BC21189A9800CCD0C9 /* Debug */ = {
			isa = XCBuildConfiguration;
			buildSettings = {
				ALWAYS_EMBED_SWIFT_STANDARD_LIBRARIES = YES;
				BUNDLE_LOADER = "$(TEST_HOST)";
				CODE_SIGN_STYLE = Automatic;
				DEVELOPMENT_TEAM = M5YJ2XAG2D;
				INFOPLIST_FILE = UsersPostsTests/Info.plist;
				LD_RUNPATH_SEARCH_PATHS = (
					"$(inherited)",
					"@executable_path/Frameworks",
					"@loader_path/Frameworks",
				);
				PRODUCT_BUNDLE_IDENTIFIER = com.blob8129.UsersPostsTests;
				PRODUCT_NAME = "$(TARGET_NAME)";
				SWIFT_VERSION = 4.0;
				TARGETED_DEVICE_FAMILY = "1,2";
				TEST_HOST = "$(BUILT_PRODUCTS_DIR)/UsersPosts.app/UsersPosts";
			};
			name = Debug;
		};
		CE3977BD21189A9800CCD0C9 /* Release */ = {
			isa = XCBuildConfiguration;
			buildSettings = {
				ALWAYS_EMBED_SWIFT_STANDARD_LIBRARIES = YES;
				BUNDLE_LOADER = "$(TEST_HOST)";
				CODE_SIGN_STYLE = Automatic;
				DEVELOPMENT_TEAM = M5YJ2XAG2D;
				INFOPLIST_FILE = UsersPostsTests/Info.plist;
				LD_RUNPATH_SEARCH_PATHS = (
					"$(inherited)",
					"@executable_path/Frameworks",
					"@loader_path/Frameworks",
				);
				PRODUCT_BUNDLE_IDENTIFIER = com.blob8129.UsersPostsTests;
				PRODUCT_NAME = "$(TARGET_NAME)";
				SWIFT_VERSION = 4.0;
				TARGETED_DEVICE_FAMILY = "1,2";
				TEST_HOST = "$(BUILT_PRODUCTS_DIR)/UsersPosts.app/UsersPosts";
			};
			name = Release;
		};
/* End XCBuildConfiguration section */

/* Begin XCConfigurationList section */
		CE39779621189A9500CCD0C9 /* Build configuration list for PBXProject "UsersPosts" */ = {
			isa = XCConfigurationList;
			buildConfigurations = (
				CE3977B621189A9800CCD0C9 /* Debug */,
				CE3977B721189A9800CCD0C9 /* Release */,
			);
			defaultConfigurationIsVisible = 0;
			defaultConfigurationName = Release;
		};
		CE3977B821189A9800CCD0C9 /* Build configuration list for PBXNativeTarget "UsersPosts" */ = {
			isa = XCConfigurationList;
			buildConfigurations = (
				CE3977B921189A9800CCD0C9 /* Debug */,
				CE3977BA21189A9800CCD0C9 /* Release */,
			);
			defaultConfigurationIsVisible = 0;
			defaultConfigurationName = Release;
		};
		CE3977BB21189A9800CCD0C9 /* Build configuration list for PBXNativeTarget "UsersPostsTests" */ = {
			isa = XCConfigurationList;
			buildConfigurations = (
				CE3977BC21189A9800CCD0C9 /* Debug */,
				CE3977BD21189A9800CCD0C9 /* Release */,
			);
			defaultConfigurationIsVisible = 0;
			defaultConfigurationName = Release;
		};
/* End XCConfigurationList section */
	};
	rootObject = CE39779321189A9500CCD0C9 /* Project object */;
}
